
Microsoft Visual Studio Solution File, Format Version 12.00
# Visual Studio Version 16
VisualStudioVersion = 16.0.30523.141
MinimumVisualStudioVersion = 10.0.40219.1
Project("{FAE04EC0-301F-11D3-BF4B-00C04F79EFBC}") = "ECommWeb", "ECommWeb\ECommWeb.csproj", "{A6D6C63E-B85D-46B8-B827-6CE431AD88AC}"
EndProject
Project("{FAE04EC0-301F-11D3-BF4B-00C04F79EFBC}") = "ECommEntities", "ECommEntities\ECommEntities.csproj", "{1C8BC3F8-5944-43D9-96B2-F25270000777}"
EndProject
Project("{FAE04EC0-301F-11D3-BF4B-00C04F79EFBC}") = "ECommDatabase", "ECommDatabase\ECommDatabase.csproj", "{E587186C-3D3C-4F4A-A199-8B58AD92940F}"
EndProject
Project("{FAE04EC0-301F-11D3-BF4B-00C04F79EFBC}") = "ECommServices", "ECommServices\ECommServices.csproj", "{48AB9F82-56AF-44A3-B9D1-8D919CB5F39F}"
EndProject
Global
	GlobalSection(SolutionConfigurationPlatforms) = preSolution
		Debug|Any CPU = Debug|Any CPU
		Release|Any CPU = Release|Any CPU
	EndGlobalSection
	GlobalSection(ProjectConfigurationPlatforms) = postSolution
		{A6D6C63E-B85D-46B8-B827-6CE431AD88AC}.Debug|Any CPU.ActiveCfg = Debug|Any CPU
		{A6D6C63E-B85D-46B8-B827-6CE431AD88AC}.Debug|Any CPU.Build.0 = Debug|Any CPU
		{A6D6C63E-B85D-46B8-B827-6CE431AD88AC}.Release|Any CPU.ActiveCfg = Release|Any CPU
		{A6D6C63E-B85D-46B8-B827-6CE431AD88AC}.Release|Any CPU.Build.0 = Release|Any CPU
		{1C8BC3F8-5944-43D9-96B2-F25270000777}.Debug|Any CPU.ActiveCfg = Debug|Any CPU
		{1C8BC3F8-5944-43D9-96B2-F25270000777}.Debug|Any CPU.Build.0 = Debug|Any CPU
		{1C8BC3F8-5944-43D9-96B2-F25270000777}.Release|Any CPU.ActiveCfg = Release|Any CPU
		{1C8BC3F8-5944-43D9-96B2-F25270000777}.Release|Any CPU.Build.0 = Release|Any CPU
		{E587186C-3D3C-4F4A-A199-8B58AD92940F}.Debug|Any CPU.ActiveCfg = Debug|Any CPU
		{E587186C-3D3C-4F4A-A199-8B58AD92940F}.Debug|Any CPU.Build.0 = Debug|Any CPU
		{E587186C-3D3C-4F4A-A199-8B58AD92940F}.Release|Any CPU.ActiveCfg = Release|Any CPU
		{E587186C-3D3C-4F4A-A199-8B58AD92940F}.Release|Any CPU.Build.0 = Release|Any CPU
		{48AB9F82-56AF-44A3-B9D1-8D919CB5F39F}.Debug|Any CPU.ActiveCfg = Debug|Any CPU
		{48AB9F82-56AF-44A3-B9D1-8D919CB5F39F}.Debug|Any CPU.Build.0 = Debug|Any CPU
		{48AB9F82-56AF-44A3-B9D1-8D919CB5F39F}.Release|Any CPU.ActiveCfg = Release|Any CPU
		{48AB9F82-56AF-44A3-B9D1-8D919CB5F39F}.Release|Any CPU.Build.0 = Release|Any CPU
	EndGlobalSection
	GlobalSection(SolutionProperties) = preSolution
		HideSolutionNode = FALSE
	EndGlobalSection
	GlobalSection(ExtensibilityGlobals) = postSolution
		SolutionGuid = {1932859F-ABCD-4002-A423-4A7084250F52}
	EndGlobalSection
EndGlobal
